// !$*UTF8*$!
{
	archiveVersion = 1;
	classes = {
	};
	objectVersion = 46;
	objects = {

/* Begin PBXBuildFile section */
		6303D91D1E6412EA00228CF0 /* AppDelegate.swift in Sources */ = {isa = PBXBuildFile; fileRef = 6303D91C1E6412EA00228CF0 /* AppDelegate.swift */; };
		6303D91F1E6412EA00228CF0 /* ViewController.swift in Sources */ = {isa = PBXBuildFile; fileRef = 6303D91E1E6412EA00228CF0 /* ViewController.swift */; };
		6303D9221E6412EA00228CF0 /* Main.storyboard in Resources */ = {isa = PBXBuildFile; fileRef = 6303D9201E6412EA00228CF0 /* Main.storyboard */; };
		6303D9241E6412EA00228CF0 /* Assets.xcassets in Resources */ = {isa = PBXBuildFile; fileRef = 6303D9231E6412EA00228CF0 /* Assets.xcassets */; };
		6303D9271E6412EA00228CF0 /* LaunchScreen.storyboard in Resources */ = {isa = PBXBuildFile; fileRef = 6303D9251E6412EA00228CF0 /* LaunchScreen.storyboard */; };
		6303D92F1E6455FC00228CF0 /* doctor-dog.jpg in Resources */ = {isa = PBXBuildFile; fileRef = 6303D92E1E6455FC00228CF0 /* doctor-dog.jpg */; };
/* End PBXBuildFile section */

/* Begin PBXFileReference section */
		6303D9191E6412E900228CF0 /* BMI Calculator.app */ = {isa = PBXFileReference; explicitFileType = wrapper.application; includeInIndex = 0; path = "BMI Calculator.app"; sourceTree = BUILT_PRODUCTS_DIR; };
		6303D91C1E6412EA00228CF0 /* AppDelegate.swift */ = {isa = PBXFileReference; lastKnownFileType = sourcecode.swift; path = AppDelegate.swift; sourceTree = "<group>"; };
		6303D91E1E6412EA00228CF0 /* ViewController.swift */ = {isa = PBXFileReference; lastKnownFileType = sourcecode.swift; path = ViewController.swift; sourceTree = "<group>"; };
		6303D9211E6412EA00228CF0 /* Base */ = {isa = PBXFileReference; lastKnownFileType = file.storyboard; name = Base; path = Base.lproj/Main.storyboard; sourceTree = "<group>"; };
		6303D9231E6412EA00228CF0 /* Assets.xcassets */ = {isa = PBXFileReference; lastKnownFileType = folder.assetcatalog; path = Assets.xcassets; sourceTree = "<group>"; };
		6303D9261E6412EA00228CF0 /* Base */ = {isa = PBXFileReference; lastKnownFileType = file.storyboard; name = Base; path = Base.lproj/LaunchScreen.storyboard; sourceTree = "<group>"; };
		6303D9281E6412EA00228CF0 /* Info.plist */ = {isa = PBXFileReference; lastKnownFileType = text.plist.xml; path = Info.plist; sourceTree = "<group>"; };
		6303D92E1E6455FC00228CF0 /* doctor-dog.jpg */ = {isa = PBXFileReference; lastKnownFileType = image.jpeg; name = "doctor-dog.jpg"; path = "Assets.xcassets/doctor-dog.jpg"; sourceTree = "<group>"; };
/* End PBXFileReference section */

/* Begin PBXFrameworksBuildPhase section */
		6303D9161E6412E900228CF0 /* Frameworks */ = {
			isa = PBXFrameworksBuildPhase;
			buildActionMask = 2147483647;
			files = (
			);
			runOnlyForDeploymentPostprocessing = 0;
		};
/* End PBXFrameworksBuildPhase section */

/* Begin PBXGroup section */
		6303D9101E6412E900228CF0 = {
			isa = PBXGroup;
			children = (
				6303D91B1E6412E900228CF0 /* BMI Calculator */,
				6303D91A1E6412E900228CF0 /* Products */,
			);
			sourceTree = "<group>";
		};
		6303D91A1E6412E900228CF0 /* Products */ = {
			isa = PBXGroup;
			children = (
				6303D9191E6412E900228CF0 /* BMI Calculator.app */,
			);
			name = Products;
			sourceTree = "<group>";
		};
		6303D91B1E6412E900228CF0 /* BMI Calculator */ = {
			isa = PBXGroup;
			children = (
				6303D91C1E6412EA00228CF0 /* AppDelegate.swift */,
				6303D91E1E6412EA00228CF0 /* ViewController.swift */,
				6303D9201E6412EA00228CF0 /* Main.storyboard */,
				6303D9231E6412EA00228CF0 /* Assets.xcassets */,
				6303D92E1E6455FC00228CF0 /* doctor-dog.jpg */,
				6303D9251E6412EA00228CF0 /* LaunchScreen.storyboard */,
				6303D9281E6412EA00228CF0 /* Info.plist */,
			);
			path = "BMI Calculator";
			sourceTree = "<group>";
		};
/* End PBXGroup section */

/* Begin PBXNativeTarget section */
		6303D9181E6412E900228CF0 /* BMI Calculator */ = {
			isa = PBXNativeTarget;
			buildConfigurationList = 6303D92B1E6412EA00228CF0 /* Build configuration list for PBXNativeTarget "BMI Calculator" */;
			buildPhases = (
				6303D9151E6412E900228CF0 /* Sources */,
				6303D9161E6412E900228CF0 /* Frameworks */,
				6303D9171E6412E900228CF0 /* Resources */,
			);
			buildRules = (
			);
			dependencies = (
			);
			name = "BMI Calculator";
			productName = "BMI Calculator";
			productReference = 6303D9191E6412E900228CF0 /* BMI Calculator.app */;
			productType = "com.apple.product-type.application";
		};
/* End PBXNativeTarget section */

/* Begin PBXProject section */
		6303D9111E6412E900228CF0 /* Project object */ = {
			isa = PBXProject;
			attributes = {
				LastSwiftUpdateCheck = 0820;
				LastUpgradeCheck = 0820;
				ORGANIZATIONNAME = "Alexander Edgar";
				TargetAttributes = {
					6303D9181E6412E900228CF0 = {
						CreatedOnToolsVersion = 8.2.1;
						ProvisioningStyle = Automatic;
					};
				};
			};
			buildConfigurationList = 6303D9141E6412E900228CF0 /* Build configuration list for PBXProject "BMI Calculator" */;
			compatibilityVersion = "Xcode 3.2";
			developmentRegion = English;
			hasScannedForEncodings = 0;
			knownRegions = (
				en,
				Base,
			);
			mainGroup = 6303D9101E6412E900228CF0;
			productRefGroup = 6303D91A1E6412E900228CF0 /* Products */;
			projectDirPath = "";
			projectRoot = "";
			targets = (
				6303D9181E6412E900228CF0 /* BMI Calculator */,
			);
		};
/* End PBXProject section */

/* Begin PBXResourcesBuildPhase section */
		6303D9171E6412E900228CF0 /* Resources */ = {
			isa = PBXResourcesBuildPhase;
			buildActionMask = 2147483647;
			files = (
				6303D9271E6412EA00228CF0 /* LaunchScreen.storyboard in Resources */,
				6303D9241E6412EA00228CF0 /* Assets.xcassets in Resources */,
				6303D9221E6412EA00228CF0 /* Main.storyboard in Resources */,
				6303D92F1E6455FC00228CF0 /* doctor-dog.jpg in Resources */,
			);
			runOnlyForDeploymentPostprocessing = 0;
		};
/* End PBXResourcesBuildPhase section */

/* Begin PBXSourcesBuildPhase section */
		6303D9151E6412E900228CF0 /* Sources */ = {
			isa = PBXSourcesBuildPhase;
			buildActionMask = 2147483647;
			files = (
				6303D91F1E6412EA00228CF0 /* ViewController.swift in Sources */,
				6303D91D1E6412EA00228CF0 /* AppDelegate.swift in Sources */,
			);
			runOnlyForDeploymentPostprocessing = 0;
		};
/* End PBXSourcesBuildPhase section */

/* Begin PBXVariantGroup section */
		6303D9201E6412EA00228CF0 /* Main.storyboard */ = {
			isa = PBXVariantGroup;
			children = (
				6303D9211E6412EA00228CF0 /* Base */,
			);
			name = Main.storyboard;
			sourceTree = "<group>";
		};
		6303D9251E6412EA00228CF0 /* LaunchScreen.storyboard */ = {
			isa = PBXVariantGroup;
			children = (
				6303D9261E6412EA00228CF0 /* Base */,
			);
			name = LaunchScreen.storyboard;
			sourceTree = "<group>";
		};
/* End PBXVariantGroup section */

/* Begin XCBuildConfiguration section */
		6303D9291E6412EA00228CF0 /* Debug */ = {
			isa = XCBuildConfiguration;
			buildSettings = {
				ALWAYS_SEARCH_USER_PATHS = NO;
				CLANG_ANALYZER_NONNULL = YES;
				CLANG_CXX_LANGUAGE_STANDARD = "gnu++0x";
				CLANG_CXX_LIBRARY = "libc++";
				CLANG_ENABLE_MODULES = YES;
				CLANG_ENABLE_OBJC_ARC = YES;
				CLANG_WARN_BOOL_CONVERSION = YES;
				CLANG_WARN_CONSTANT_CONVERSION = YES;
				CLANG_WARN_DIRECT_OBJC_ISA_USAGE = YES_ERROR;
				CLANG_WARN_DOCUMENTATION_COMMENTS = YES;
				CLANG_WARN_EMPTY_BODY = YES;
				CLANG_WARN_ENUM_CONVERSION = YES;
				CLANG_WARN_INFINITE_RECURSION = YES;
				CLANG_WARN_INT_CONVERSION = YES;
				CLANG_WARN_OBJC_ROOT_CLASS = YES_ERROR;
				CLANG_WARN_SUSPICIOUS_MOVE = YES;
				CLANG_WARN_UNREACHABLE_CODE = YES;
				CLANG_WARN__DUPLICATE_METHOD_MATCH = YES;
				"CODE_SIGN_IDENTITY[sdk=iphoneos*]" = "iPhone Developer";
				COPY_PHASE_STRIP = NO;
				DEBUG_INFORMATION_FORMAT = dwarf;
				ENABLE_STRICT_OBJC_MSGSEND = YES;
				ENABLE_TESTABILITY = YES;
				GCC_C_LANGUAGE_STANDARD = gnu99;
				GCC_DYNAMIC_NO_PIC = NO;
				GCC_NO_COMMON_BLOCKS = YES;
				GCC_OPTIMIZATION_LEVEL = 0;
				GCC_PREPROCESSOR_DEFINITIONS = (
					"DEBUG=1",
					"$(inherited)",
				);
				GCC_WARN_64_TO_32_BIT_CONVERSION = YES;
				GCC_WARN_ABOUT_RETURN_TYPE = YES_ERROR;
				GCC_WARN_UNDECLARED_SELECTOR = YES;
				GCC_WARN_UNINITIALIZED_AUTOS = YES_AGGRESSIVE;
				GCC_WARN_UNUSED_FUNCTION = YES;
				GCC_WARN_UNUSED_VARIABLE = YES;
				IPHONEOS_DEPLOYMENT_TARGET = 10.2;
				MTL_ENABLE_DEBUG_INFO = YES;
				ONLY_ACTIVE_ARCH = YES;
				SDKROOT = iphoneos;
				SWIFT_ACTIVE_COMPILATION_CONDITIONS = DEBUG;
				SWIFT_OPTIMIZATION_LEVEL = "-Onone";
				TARGETED_DEVICE_FAMILY = "1,2";
			};
			name = Debug;
		};
		6303D92A1E6412EA00228CF0 /* Release */ = {
			isa = XCBuildConfiguration;
			buildSettings = {
				ALWAYS_SEARCH_USER_PATHS = NO;
				CLANG_ANALYZER_NONNULL = YES;
				CLANG_CXX_LANGUAGE_STANDARD = "gnu++0x";
				CLANG_CXX_LIBRARY = "libc++";
				CLANG_ENABLE_MODULES = YES;
				CLANG_ENABLE_OBJC_ARC = YES;
				CLANG_WARN_BOOL_CONVERSION = YES;
				CLANG_WARN_CONSTANT_CONVERSION = YES;
				CLANG_WARN_DIRECT_OBJC_ISA_USAGE = YES_ERROR;
				CLANG_WARN_DOCUMENTATION_COMMENTS = YES;
				CLANG_WARN_EMPTY_BODY = YES;
				CLANG_WARN_ENUM_CONVERSION = YES;
				CLANG_WARN_INFINITE_RECURSION = YES;
				CLANG_WARN_INT_CONVERSION = YES;
				CLANG_WARN_OBJC_ROOT_CLASS = YES_ERROR;
				CLANG_WARN_SUSPICIOUS_MOVE = YES;
				CLANG_WARN_UNREACHABLE_CODE = YES;
				CLANG_WARN__DUPLICATE_METHOD_MATCH = YES;
				"CODE_SIGN_IDENTITY[sdk=iphoneos*]" = "iPhone Developer";
				COPY_PHASE_STRIP = NO;
				DEBUG_INFORMATION_FORMAT = "dwarf-with-dsym";
				ENABLE_NS_ASSERTIONS = NO;
				ENABLE_STRICT_OBJC_MSGSEND = YES;
				GCC_C_LANGUAGE_STANDARD = gnu99;
				GCC_NO_COMMON_BLOCKS = YES;
				GCC_WARN_64_TO_32_BIT_CONVERSION = YES;
				GCC_WARN_ABOUT_RETURN_TYPE = YES_ERROR;
				GCC_WARN_UNDECLARED_SELECTOR = YES;
				GCC_WARN_UNINITIALIZED_AUTOS = YES_AGGRESSIVE;
				GCC_WARN_UNUSED_FUNCTION = YES;
				GCC_WARN_UNUSED_VARIABLE = YES;
				IPHONEOS_DEPLOYMENT_TARGET = 10.2;
				MTL_ENABLE_DEBUG_INFO = NO;
				SDKROOT = iphoneos;
				SWIFT_OPTIMIZATION_LEVEL = "-Owholemodule";
				TARGETED_DEVICE_FAMILY = "1,2";
				VALIDATE_PRODUCT = YES;
			};
			name = Release;
		};
		6303D92C1E6412EA00228CF0 /* Debug */ = {
			isa = XCBuildConfiguration;
			buildSettings = {
				ASSETCATALOG_COMPILER_APPICON_NAME = AppIcon;
				INFOPLIST_FILE = "BMI Calculator/Info.plist";
				LD_RUNPATH_SEARCH_PATHS = "$(inherited) @executable_path/Frameworks";
				PRODUCT_BUNDLE_IDENTIFIER = "com.alexedgar.BMI-Calculator";
				PRODUCT_NAME = "$(TARGET_NAME)";
				SWIFT_VERSION = 3.0;
			};
			name = Debug;
		};
		6303D92D1E6412EA00228CF0 /* Release */ = {
			isa = XCBuildConfiguration;
			buildSettings = {
				ASSETCATALOG_COMPILER_APPICON_NAME = AppIcon;
				INFOPLIST_FILE = "BMI Calculator/Info.plist";
				LD_RUNPATH_SEARCH_PATHS = "$(inherited) @executable_path/Frameworks";
				PRODUCT_BUNDLE_IDENTIFIER = "com.alexedgar.BMI-Calculator";
				PRODUCT_NAME = "$(TARGET_NAME)";
				SWIFT_VERSION = 3.0;
			};
			name = Release;
		};
/* End XCBuildConfiguration section */

/* Begin XCConfigurationList section */
		6303D9141E6412E900228CF0 /* Build configuration list for PBXProject "BMI Calculator" */ = {
			isa = XCConfigurationList;
			buildConfigurations = (
				6303D9291E6412EA00228CF0 /* Debug */,
				6303D92A1E6412EA00228CF0 /* Release */,
			);
			defaultConfigurationIsVisible = 0;
			defaultConfigurationName = Release;
		};
		6303D92B1E6412EA00228CF0 /* Build configuration list for PBXNativeTarget "BMI Calculator" */ = {
			isa = XCConfigurationList;
			buildConfigurations = (
				6303D92C1E6412EA00228CF0 /* Debug */,
				6303D92D1E6412EA00228CF0 /* Release */,
			);
			defaultConfigurationIsVisible = 0;
		};
/* End XCConfigurationList section */
	};
	rootObject = 6303D9111E6412E900228CF0 /* Project object */;
}
